// !$*UTF8*$!
{
	archiveVersion = 1;
	classes = {
	};
	objectVersion = 51;
	objects = {

/* Begin PBXBuildFile section */
		4A9DB122BFCD0C2AC4ABA147 /* Pods_Parstagram_ParstagramUITests.framework in Frameworks */ = {isa = PBXBuildFile; fileRef = B4E62ACAD5A7529912F666E9 /* Pods_Parstagram_ParstagramUITests.framework */; };
		A8534D84254379AB0039FCC7 /* AppDelegate.swift in Sources */ = {isa = PBXBuildFile; fileRef = A8534D83254379AB0039FCC7 /* AppDelegate.swift */; };
		A8534D86254379AB0039FCC7 /* SceneDelegate.swift in Sources */ = {isa = PBXBuildFile; fileRef = A8534D85254379AB0039FCC7 /* SceneDelegate.swift */; };
		A8534D8B254379AB0039FCC7 /* Main.storyboard in Resources */ = {isa = PBXBuildFile; fileRef = A8534D89254379AB0039FCC7 /* Main.storyboard */; };
		A8534D8D254379AD0039FCC7 /* Assets.xcassets in Resources */ = {isa = PBXBuildFile; fileRef = A8534D8C254379AD0039FCC7 /* Assets.xcassets */; };
		A8534D90254379AD0039FCC7 /* LaunchScreen.storyboard in Resources */ = {isa = PBXBuildFile; fileRef = A8534D8E254379AD0039FCC7 /* LaunchScreen.storyboard */; };
		A8534D9B254379AD0039FCC7 /* ParstagramTests.swift in Sources */ = {isa = PBXBuildFile; fileRef = A8534D9A254379AD0039FCC7 /* ParstagramTests.swift */; };
		A8534DA6254379AD0039FCC7 /* ParstagramUITests.swift in Sources */ = {isa = PBXBuildFile; fileRef = A8534DA5254379AD0039FCC7 /* ParstagramUITests.swift */; };
		A8534DB425437BE60039FCC7 /* loginViewController.swift in Sources */ = {isa = PBXBuildFile; fileRef = A8534DB325437BE60039FCC7 /* loginViewController.swift */; };
		A8534DB625437BF30039FCC7 /* feedViewController.swift in Sources */ = {isa = PBXBuildFile; fileRef = A8534DB525437BF30039FCC7 /* feedViewController.swift */; };
		A8534DB82543812C0039FCC7 /* cameraViewController.swift in Sources */ = {isa = PBXBuildFile; fileRef = A8534DB72543812C0039FCC7 /* cameraViewController.swift */; };
		A88F34B22544F9360027B525 /* postTableViewCell.swift in Sources */ = {isa = PBXBuildFile; fileRef = A88F34B12544F9360027B525 /* postTableViewCell.swift */; };
		CE37CF467AA7175AFFD317C8 /* Pods_Parstagram.framework in Frameworks */ = {isa = PBXBuildFile; fileRef = B1E48460440D4C3605FD61B6 /* Pods_Parstagram.framework */; };
		E5949187CF7DC540D41CC1F3 /* Pods_ParstagramTests.framework in Frameworks */ = {isa = PBXBuildFile; fileRef = 98399B7C21D9796E5884E573 /* Pods_ParstagramTests.framework */; };
/* End PBXBuildFile section */

/* Begin PBXContainerItemProxy section */
		A8534D97254379AD0039FCC7 /* PBXContainerItemProxy */ = {
			isa = PBXContainerItemProxy;
			containerPortal = A8534D78254379AB0039FCC7 /* Project object */;
			proxyType = 1;
			remoteGlobalIDString = A8534D7F254379AB0039FCC7;
			remoteInfo = Parstagram;
		};
		A8534DA2254379AD0039FCC7 /* PBXContainerItemProxy */ = {
			isa = PBXContainerItemProxy;
			containerPortal = A8534D78254379AB0039FCC7 /* Project object */;
			proxyType = 1;
			remoteGlobalIDString = A8534D7F254379AB0039FCC7;
			remoteInfo = Parstagram;
		};
/* End PBXContainerItemProxy section */

/* Begin PBXFileReference section */
		81C28EB3F3D3896DEC086BF2 /* Pods-Parstagram.release.xcconfig */ = {isa = PBXFileReference; includeInIndex = 1; lastKnownFileType = text.xcconfig; name = "Pods-Parstagram.release.xcconfig"; path = "Target Support Files/Pods-Parstagram/Pods-Parstagram.release.xcconfig"; sourceTree = "<group>"; };
		970B61EF829DC9BACF0E39A8 /* Pods-ParstagramTests.debug.xcconfig */ = {isa = PBXFileReference; includeInIndex = 1; lastKnownFileType = text.xcconfig; name = "Pods-ParstagramTests.debug.xcconfig"; path = "Target Support Files/Pods-ParstagramTests/Pods-ParstagramTests.debug.xcconfig"; sourceTree = "<group>"; };
		98399B7C21D9796E5884E573 /* Pods_ParstagramTests.framework */ = {isa = PBXFileReference; explicitFileType = wrapper.framework; includeInIndex = 0; path = Pods_ParstagramTests.framework; sourceTree = BUILT_PRODUCTS_DIR; };
		A8534D80254379AB0039FCC7 /* Parstagram.app */ = {isa = PBXFileReference; explicitFileType = wrapper.application; includeInIndex = 0; path = Parstagram.app; sourceTree = BUILT_PRODUCTS_DIR; };
		A8534D83254379AB0039FCC7 /* AppDelegate.swift */ = {isa = PBXFileReference; lastKnownFileType = sourcecode.swift; path = AppDelegate.swift; sourceTree = "<group>"; };
		A8534D85254379AB0039FCC7 /* SceneDelegate.swift */ = {isa = PBXFileReference; lastKnownFileType = sourcecode.swift; path = SceneDelegate.swift; sourceTree = "<group>"; };
		A8534D8A254379AB0039FCC7 /* Base */ = {isa = PBXFileReference; lastKnownFileType = file.storyboard; name = Base; path = Base.lproj/Main.storyboard; sourceTree = "<group>"; };
		A8534D8C254379AD0039FCC7 /* Assets.xcassets */ = {isa = PBXFileReference; lastKnownFileType = folder.assetcatalog; path = Assets.xcassets; sourceTree = "<group>"; };
		A8534D8F254379AD0039FCC7 /* Base */ = {isa = PBXFileReference; lastKnownFileType = file.storyboard; name = Base; path = Base.lproj/LaunchScreen.storyboard; sourceTree = "<group>"; };
		A8534D91254379AD0039FCC7 /* Info.plist */ = {isa = PBXFileReference; lastKnownFileType = text.plist.xml; path = Info.plist; sourceTree = "<group>"; };
		A8534D96254379AD0039FCC7 /* ParstagramTests.xctest */ = {isa = PBXFileReference; explicitFileType = wrapper.cfbundle; includeInIndex = 0; path = ParstagramTests.xctest; sourceTree = BUILT_PRODUCTS_DIR; };
		A8534D9A254379AD0039FCC7 /* ParstagramTests.swift */ = {isa = PBXFileReference; lastKnownFileType = sourcecode.swift; path = ParstagramTests.swift; sourceTree = "<group>"; };
		A8534D9C254379AD0039FCC7 /* Info.plist */ = {isa = PBXFileReference; lastKnownFileType = text.plist.xml; path = Info.plist; sourceTree = "<group>"; };
		A8534DA1254379AD0039FCC7 /* ParstagramUITests.xctest */ = {isa = PBXFileReference; explicitFileType = wrapper.cfbundle; includeInIndex = 0; path = ParstagramUITests.xctest; sourceTree = BUILT_PRODUCTS_DIR; };
		A8534DA5254379AD0039FCC7 /* ParstagramUITests.swift */ = {isa = PBXFileReference; lastKnownFileType = sourcecode.swift; path = ParstagramUITests.swift; sourceTree = "<group>"; };
		A8534DA7254379AD0039FCC7 /* Info.plist */ = {isa = PBXFileReference; lastKnownFileType = text.plist.xml; path = Info.plist; sourceTree = "<group>"; };
		A8534DB325437BE60039FCC7 /* loginViewController.swift */ = {isa = PBXFileReference; lastKnownFileType = sourcecode.swift; path = loginViewController.swift; sourceTree = "<group>"; };
		A8534DB525437BF30039FCC7 /* feedViewController.swift */ = {isa = PBXFileReference; lastKnownFileType = sourcecode.swift; path = feedViewController.swift; sourceTree = "<group>"; };
		A8534DB72543812C0039FCC7 /* cameraViewController.swift */ = {isa = PBXFileReference; lastKnownFileType = sourcecode.swift; path = cameraViewController.swift; sourceTree = "<group>"; };
		A88F34B12544F9360027B525 /* postTableViewCell.swift */ = {isa = PBXFileReference; lastKnownFileType = sourcecode.swift; path = postTableViewCell.swift; sourceTree = "<group>"; };
		B1E48460440D4C3605FD61B6 /* Pods_Parstagram.framework */ = {isa = PBXFileReference; explicitFileType = wrapper.framework; includeInIndex = 0; path = Pods_Parstagram.framework; sourceTree = BUILT_PRODUCTS_DIR; };
		B4E62ACAD5A7529912F666E9 /* Pods_Parstagram_ParstagramUITests.framework */ = {isa = PBXFileReference; explicitFileType = wrapper.framework; includeInIndex = 0; path = Pods_Parstagram_ParstagramUITests.framework; sourceTree = BUILT_PRODUCTS_DIR; };
		B7E931CB617E093B3A248812 /* Pods-ParstagramTests.release.xcconfig */ = {isa = PBXFileReference; includeInIndex = 1; lastKnownFileType = text.xcconfig; name = "Pods-ParstagramTests.release.xcconfig"; path = "Target Support Files/Pods-ParstagramTests/Pods-ParstagramTests.release.xcconfig"; sourceTree = "<group>"; };
		E232BA343FEB4F61525B0ABA /* Pods-Parstagram.debug.xcconfig */ = {isa = PBXFileReference; includeInIndex = 1; lastKnownFileType = text.xcconfig; name = "Pods-Parstagram.debug.xcconfig"; path = "Target Support Files/Pods-Parstagram/Pods-Parstagram.debug.xcconfig"; sourceTree = "<group>"; };
		F84DEAC69912E22211122A74 /* Pods-Parstagram-ParstagramUITests.debug.xcconfig */ = {isa = PBXFileReference; includeInIndex = 1; lastKnownFileType = text.xcconfig; name = "Pods-Parstagram-ParstagramUITests.debug.xcconfig"; path = "Target Support Files/Pods-Parstagram-ParstagramUITests/Pods-Parstagram-ParstagramUITests.debug.xcconfig"; sourceTree = "<group>"; };
		FEA667D8152F3D00CF3C4DBE /* Pods-Parstagram-ParstagramUITests.release.xcconfig */ = {isa = PBXFileReference; includeInIndex = 1; lastKnownFileType = text.xcconfig; name = "Pods-Parstagram-ParstagramUITests.release.xcconfig"; path = "Target Support Files/Pods-Parstagram-ParstagramUITests/Pods-Parstagram-ParstagramUITests.release.xcconfig"; sourceTree = "<group>"; };
/* End PBXFileReference section */

/* Begin PBXFrameworksBuildPhase section */
		A8534D7D254379AB0039FCC7 /* Frameworks */ = {
			isa = PBXFrameworksBuildPhase;
			buildActionMask = 2147483647;
			files = (
				CE37CF467AA7175AFFD317C8 /* Pods_Parstagram.framework in Frameworks */,
			);
			runOnlyForDeploymentPostprocessing = 0;
		};
		A8534D93254379AD0039FCC7 /* Frameworks */ = {
			isa = PBXFrameworksBuildPhase;
			buildActionMask = 2147483647;
			files = (
				E5949187CF7DC540D41CC1F3 /* Pods_ParstagramTests.framework in Frameworks */,
			);
			runOnlyForDeploymentPostprocessing = 0;
		};
		A8534D9E254379AD0039FCC7 /* Frameworks */ = {
			isa = PBXFrameworksBuildPhase;
			buildActionMask = 2147483647;
			files = (
				4A9DB122BFCD0C2AC4ABA147 /* Pods_Parstagram_ParstagramUITests.framework in Frameworks */,
			);
			runOnlyForDeploymentPostprocessing = 0;
		};
/* End PBXFrameworksBuildPhase section */

/* Begin PBXGroup section */
		4652C71B2806519AB40DCF4A /* Frameworks */ = {
			isa = PBXGroup;
			children = (
				B1E48460440D4C3605FD61B6 /* Pods_Parstagram.framework */,
				B4E62ACAD5A7529912F666E9 /* Pods_Parstagram_ParstagramUITests.framework */,
				98399B7C21D9796E5884E573 /* Pods_ParstagramTests.framework */,
			);
			name = Frameworks;
			sourceTree = "<group>";
		};
		A8534D77254379AB0039FCC7 = {
			isa = PBXGroup;
			children = (
				A8534D82254379AB0039FCC7 /* Parstagram */,
				A8534D99254379AD0039FCC7 /* ParstagramTests */,
				A8534DA4254379AD0039FCC7 /* ParstagramUITests */,
				A8534D81254379AB0039FCC7 /* Products */,
				BF305FA03BC084ABC40A01B5 /* Pods */,
				4652C71B2806519AB40DCF4A /* Frameworks */,
			);
			sourceTree = "<group>";
		};
		A8534D81254379AB0039FCC7 /* Products */ = {
			isa = PBXGroup;
			children = (
				A8534D80254379AB0039FCC7 /* Parstagram.app */,
				A8534D96254379AD0039FCC7 /* ParstagramTests.xctest */,
				A8534DA1254379AD0039FCC7 /* ParstagramUITests.xctest */,
			);
			name = Products;
			sourceTree = "<group>";
		};
		A8534D82254379AB0039FCC7 /* Parstagram */ = {
			isa = PBXGroup;
			children = (
				A8534D83254379AB0039FCC7 /* AppDelegate.swift */,
				A8534D85254379AB0039FCC7 /* SceneDelegate.swift */,
				A8534D89254379AB0039FCC7 /* Main.storyboard */,
				A8534D8C254379AD0039FCC7 /* Assets.xcassets */,
				A8534D8E254379AD0039FCC7 /* LaunchScreen.storyboard */,
				A8534D91254379AD0039FCC7 /* Info.plist */,
				A8534DB325437BE60039FCC7 /* loginViewController.swift */,
				A8534DB525437BF30039FCC7 /* feedViewController.swift */,
				A8534DB72543812C0039FCC7 /* cameraViewController.swift */,
				A88F34B12544F9360027B525 /* postTableViewCell.swift */,
			);
			path = Parstagram;
			sourceTree = "<group>";
		};
		A8534D99254379AD0039FCC7 /* ParstagramTests */ = {
			isa = PBXGroup;
			children = (
				A8534D9A254379AD0039FCC7 /* ParstagramTests.swift */,
				A8534D9C254379AD0039FCC7 /* Info.plist */,
			);
			path = ParstagramTests;
			sourceTree = "<group>";
		};
		A8534DA4254379AD0039FCC7 /* ParstagramUITests */ = {
			isa = PBXGroup;
			children = (
				A8534DA5254379AD0039FCC7 /* ParstagramUITests.swift */,
				A8534DA7254379AD0039FCC7 /* Info.plist */,
			);
			path = ParstagramUITests;
			sourceTree = "<group>";
		};
		BF305FA03BC084ABC40A01B5 /* Pods */ = {
			isa = PBXGroup;
			children = (
				E232BA343FEB4F61525B0ABA /* Pods-Parstagram.debug.xcconfig */,
				81C28EB3F3D3896DEC086BF2 /* Pods-Parstagram.release.xcconfig */,
				F84DEAC69912E22211122A74 /* Pods-Parstagram-ParstagramUITests.debug.xcconfig */,
				FEA667D8152F3D00CF3C4DBE /* Pods-Parstagram-ParstagramUITests.release.xcconfig */,
				970B61EF829DC9BACF0E39A8 /* Pods-ParstagramTests.debug.xcconfig */,
				B7E931CB617E093B3A248812 /* Pods-ParstagramTests.release.xcconfig */,
			);
			path = Pods;
			sourceTree = "<group>";
		};
/* End PBXGroup section */

/* Begin PBXNativeTarget section */
		A8534D7F254379AB0039FCC7 /* Parstagram */ = {
			isa = PBXNativeTarget;
			buildConfigurationList = A8534DAA254379AD0039FCC7 /* Build configuration list for PBXNativeTarget "Parstagram" */;
			buildPhases = (
				7363EE07B71EE7B506F6A912 /* [CP] Check Pods Manifest.lock */,
				A8534D7C254379AB0039FCC7 /* Sources */,
				A8534D7D254379AB0039FCC7 /* Frameworks */,
				A8534D7E254379AB0039FCC7 /* Resources */,
				784F4C0A18B2DA6D4A360E40 /* [CP] Embed Pods Frameworks */,
			);
			buildRules = (
			);
			dependencies = (
			);
			name = Parstagram;
			productName = Parstagram;
			productReference = A8534D80254379AB0039FCC7 /* Parstagram.app */;
			productType = "com.apple.product-type.application";
		};
		A8534D95254379AD0039FCC7 /* ParstagramTests */ = {
			isa = PBXNativeTarget;
			buildConfigurationList = A8534DAD254379AD0039FCC7 /* Build configuration list for PBXNativeTarget "ParstagramTests" */;
			buildPhases = (
				A54550C1EC14A57DD1175E91 /* [CP] Check Pods Manifest.lock */,
				A8534D92254379AD0039FCC7 /* Sources */,
				A8534D93254379AD0039FCC7 /* Frameworks */,
				A8534D94254379AD0039FCC7 /* Resources */,
			);
			buildRules = (
			);
			dependencies = (
				A8534D98254379AD0039FCC7 /* PBXTargetDependency */,
			);
			name = ParstagramTests;
			productName = ParstagramTests;
			productReference = A8534D96254379AD0039FCC7 /* ParstagramTests.xctest */;
			productType = "com.apple.product-type.bundle.unit-test";
		};
		A8534DA0254379AD0039FCC7 /* ParstagramUITests */ = {
			isa = PBXNativeTarget;
			buildConfigurationList = A8534DB0254379AD0039FCC7 /* Build configuration list for PBXNativeTarget "ParstagramUITests" */;
			buildPhases = (
				DC832ECDDD560C4BBE445EA5 /* [CP] Check Pods Manifest.lock */,
				A8534D9D254379AD0039FCC7 /* Sources */,
				A8534D9E254379AD0039FCC7 /* Frameworks */,
				A8534D9F254379AD0039FCC7 /* Resources */,
				36E6343D257E9DFCE243CE47 /* [CP] Embed Pods Frameworks */,
			);
			buildRules = (
			);
			dependencies = (
				A8534DA3254379AD0039FCC7 /* PBXTargetDependency */,
			);
			name = ParstagramUITests;
			productName = ParstagramUITests;
			productReference = A8534DA1254379AD0039FCC7 /* ParstagramUITests.xctest */;
			productType = "com.apple.product-type.bundle.ui-testing";
		};
/* End PBXNativeTarget section */

/* Begin PBXProject section */
		A8534D78254379AB0039FCC7 /* Project object */ = {
			isa = PBXProject;
			attributes = {
				LastSwiftUpdateCheck = 1150;
				LastUpgradeCheck = 1150;
				ORGANIZATIONNAME = Codepath;
				TargetAttributes = {
					A8534D7F254379AB0039FCC7 = {
						CreatedOnToolsVersion = 11.5;
					};
					A8534D95254379AD0039FCC7 = {
						CreatedOnToolsVersion = 11.5;
						TestTargetID = A8534D7F254379AB0039FCC7;
					};
					A8534DA0254379AD0039FCC7 = {
						CreatedOnToolsVersion = 11.5;
						TestTargetID = A8534D7F254379AB0039FCC7;
					};
				};
			};
			buildConfigurationList = A8534D7B254379AB0039FCC7 /* Build configuration list for PBXProject "Parstagram" */;
			compatibilityVersion = "Xcode 9.3";
			developmentRegion = en;
			hasScannedForEncodings = 0;
			knownRegions = (
				en,
				Base,
			);
			mainGroup = A8534D77254379AB0039FCC7;
			productRefGroup = A8534D81254379AB0039FCC7 /* Products */;
			projectDirPath = "";
			projectRoot = "";
			targets = (
				A8534D7F254379AB0039FCC7 /* Parstagram */,
				A8534D95254379AD0039FCC7 /* ParstagramTests */,
				A8534DA0254379AD0039FCC7 /* ParstagramUITests */,
			);
		};
/* End PBXProject section */

/* Begin PBXResourcesBuildPhase section */
		A8534D7E254379AB0039FCC7 /* Resources */ = {
			isa = PBXResourcesBuildPhase;
			buildActionMask = 2147483647;
			files = (
				A8534D90254379AD0039FCC7 /* LaunchScreen.storyboard in Resources */,
				A8534D8D254379AD0039FCC7 /* Assets.xcassets in Resources */,
				A8534D8B254379AB0039FCC7 /* Main.storyboard in Resources */,
			);
			runOnlyForDeploymentPostprocessing = 0;
		};
		A8534D94254379AD0039FCC7 /* Resources */ = {
			isa = PBXResourcesBuildPhase;
			buildActionMask = 2147483647;
			files = (
			);
			runOnlyForDeploymentPostprocessing = 0;
		};
		A8534D9F254379AD0039FCC7 /* Resources */ = {
			isa = PBXResourcesBuildPhase;
			buildActionMask = 2147483647;
			files = (
			);
			runOnlyForDeploymentPostprocessing = 0;
		};
/* End PBXResourcesBuildPhase section */

/* Begin PBXShellScriptBuildPhase section */
		36E6343D257E9DFCE243CE47 /* [CP] Embed Pods Frameworks */ = {
			isa = PBXShellScriptBuildPhase;
			buildActionMask = 2147483647;
			files = (
			);
			inputFileListPaths = (
				"${PODS_ROOT}/Target Support Files/Pods-Parstagram-ParstagramUITests/Pods-Parstagram-ParstagramUITests-frameworks-${CONFIGURATION}-input-files.xcfilelist",
			);
			name = "[CP] Embed Pods Frameworks";
			outputFileListPaths = (
				"${PODS_ROOT}/Target Support Files/Pods-Parstagram-ParstagramUITests/Pods-Parstagram-ParstagramUITests-frameworks-${CONFIGURATION}-output-files.xcfilelist",
			);
			runOnlyForDeploymentPostprocessing = 0;
			shellPath = /bin/sh;
			shellScript = "\"${PODS_ROOT}/Target Support Files/Pods-Parstagram-ParstagramUITests/Pods-Parstagram-ParstagramUITests-frameworks.sh\"\n";
			showEnvVarsInLog = 0;
		};
		7363EE07B71EE7B506F6A912 /* [CP] Check Pods Manifest.lock */ = {
			isa = PBXShellScriptBuildPhase;
			buildActionMask = 2147483647;
			files = (
			);
			inputFileListPaths = (
			);
			inputPaths = (
				"${PODS_PODFILE_DIR_PATH}/Podfile.lock",
				"${PODS_ROOT}/Manifest.lock",
			);
			name = "[CP] Check Pods Manifest.lock";
			outputFileListPaths = (
			);
			outputPaths = (
				"$(DERIVED_FILE_DIR)/Pods-Parstagram-checkManifestLockResult.txt",
			);
			runOnlyForDeploymentPostprocessing = 0;
			shellPath = /bin/sh;
			shellScript = "diff \"${PODS_PODFILE_DIR_PATH}/Podfile.lock\" \"${PODS_ROOT}/Manifest.lock\" > /dev/null\nif [ $? != 0 ] ; then\n    # print error to STDERR\n    echo \"error: The sandbox is not in sync with the Podfile.lock. Run 'pod install' or update your CocoaPods installation.\" >&2\n    exit 1\nfi\n# This output is used by Xcode 'outputs' to avoid re-running this script phase.\necho \"SUCCESS\" > \"${SCRIPT_OUTPUT_FILE_0}\"\n";
			showEnvVarsInLog = 0;
		};
		784F4C0A18B2DA6D4A360E40 /* [CP] Embed Pods Frameworks */ = {
			isa = PBXShellScriptBuildPhase;
			buildActionMask = 2147483647;
			files = (
			);
			inputFileListPaths = (
				"${PODS_ROOT}/Target Support Files/Pods-Parstagram/Pods-Parstagram-frameworks-${CONFIGURATION}-input-files.xcfilelist",
			);
			name = "[CP] Embed Pods Frameworks";
			outputFileListPaths = (
				"${PODS_ROOT}/Target Support Files/Pods-Parstagram/Pods-Parstagram-frameworks-${CONFIGURATION}-output-files.xcfilelist",
			);
			runOnlyForDeploymentPostprocessing = 0;
			shellPath = /bin/sh;
			shellScript = "\"${PODS_ROOT}/Target Support Files/Pods-Parstagram/Pods-Parstagram-frameworks.sh\"\n";
			showEnvVarsInLog = 0;
		};
		A54550C1EC14A57DD1175E91 /* [CP] Check Pods Manifest.lock */ = {
			isa = PBXShellScriptBuildPhase;
			buildActionMask = 2147483647;
			files = (
			);
			inputFileListPaths = (
			);
			inputPaths = (
				"${PODS_PODFILE_DIR_PATH}/Podfile.lock",
				"${PODS_ROOT}/Manifest.lock",
			);
			name = "[CP] Check Pods Manifest.lock";
			outputFileListPaths = (
			);
			outputPaths = (
				"$(DERIVED_FILE_DIR)/Pods-ParstagramTests-checkManifestLockResult.txt",
			);
			runOnlyForDeploymentPostprocessing = 0;
			shellPath = /bin/sh;
			shellScript = "diff \"${PODS_PODFILE_DIR_PATH}/Podfile.lock\" \"${PODS_ROOT}/Manifest.lock\" > /dev/null\nif [ $? != 0 ] ; then\n    # print error to STDERR\n    echo \"error: The sandbox is not in sync with the Podfile.lock. Run 'pod install' or update your CocoaPods installation.\" >&2\n    exit 1\nfi\n# This output is used by Xcode 'outputs' to avoid re-running this script phase.\necho \"SUCCESS\" > \"${SCRIPT_OUTPUT_FILE_0}\"\n";
			showEnvVarsInLog = 0;
		};
		DC832ECDDD560C4BBE445EA5 /* [CP] Check Pods Manifest.lock */ = {
			isa = PBXShellScriptBuildPhase;
			buildActionMask = 2147483647;
			files = (
			);
			inputFileListPaths = (
			);
			inputPaths = (
				"${PODS_PODFILE_DIR_PATH}/Podfile.lock",
				"${PODS_ROOT}/Manifest.lock",
			);
			name = "[CP] Check Pods Manifest.lock";
			outputFileListPaths = (
			);
			outputPaths = (
				"$(DERIVED_FILE_DIR)/Pods-Parstagram-ParstagramUITests-checkManifestLockResult.txt",
			);
			runOnlyForDeploymentPostprocessing = 0;
			shellPath = /bin/sh;
			shellScript = "diff \"${PODS_PODFILE_DIR_PATH}/Podfile.lock\" \"${PODS_ROOT}/Manifest.lock\" > /dev/null\nif [ $? != 0 ] ; then\n    # print error to STDERR\n    echo \"error: The sandbox is not in sync with the Podfile.lock. Run 'pod install' or update your CocoaPods installation.\" >&2\n    exit 1\nfi\n# This output is used by Xcode 'outputs' to avoid re-running this script phase.\necho \"SUCCESS\" > \"${SCRIPT_OUTPUT_FILE_0}\"\n";
			showEnvVarsInLog = 0;
		};
/* End PBXShellScriptBuildPhase section */

/* Begin PBXSourcesBuildPhase section */
		A8534D7C254379AB0039FCC7 /* Sources */ = {
			isa = PBXSourcesBuildPhase;
			buildActionMask = 2147483647;
			files = (
				A8534D84254379AB0039FCC7 /* AppDelegate.swift in Sources */,
				A8534D86254379AB0039FCC7 /* SceneDelegate.swift in Sources */,
				A8534DB82543812C0039FCC7 /* cameraViewController.swift in Sources */,
				A88F34B22544F9360027B525 /* postTableViewCell.swift in Sources */,
				A8534DB625437BF30039FCC7 /* feedViewController.swift in Sources */,
				A8534DB425437BE60039FCC7 /* loginViewController.swift in Sources */,
			);
			runOnlyForDeploymentPostprocessing = 0;
		};
		A8534D92254379AD0039FCC7 /* Sources */ = {
			isa = PBXSourcesBuildPhase;
			buildActionMask = 2147483647;
			files = (
				A8534D9B254379AD0039FCC7 /* ParstagramTests.swift in Sources */,
			);
			runOnlyForDeploymentPostprocessing = 0;
		};
		A8534D9D254379AD0039FCC7 /* Sources */ = {
			isa = PBXSourcesBuildPhase;
			buildActionMask = 2147483647;
			files = (
				A8534DA6254379AD0039FCC7 /* ParstagramUITests.swift in Sources */,
			);
			runOnlyForDeploymentPostprocessing = 0;
		};
/* End PBXSourcesBuildPhase section */

/* Begin PBXTargetDependency section */
		A8534D98254379AD0039FCC7 /* PBXTargetDependency */ = {
			isa = PBXTargetDependency;
			target = A8534D7F254379AB0039FCC7 /* Parstagram */;
			targetProxy = A8534D97254379AD0039FCC7 /* PBXContainerItemProxy */;
		};
		A8534DA3254379AD0039FCC7 /* PBXTargetDependency */ = {
			isa = PBXTargetDependency;
			target = A8534D7F254379AB0039FCC7 /* Parstagram */;
			targetProxy = A8534DA2254379AD0039FCC7 /* PBXContainerItemProxy */;
		};
/* End PBXTargetDependency section */

/* Begin PBXVariantGroup section */
		A8534D89254379AB0039FCC7 /* Main.storyboard */ = {
			isa = PBXVariantGroup;
			children = (
				A8534D8A254379AB0039FCC7 /* Base */,
			);
			name = Main.storyboard;
			sourceTree = "<group>";
		};
		A8534D8E254379AD0039FCC7 /* LaunchScreen.storyboard */ = {
			isa = PBXVariantGroup;
			children = (
				A8534D8F254379AD0039FCC7 /* Base */,
			);
			name = LaunchScreen.storyboard;
			sourceTree = "<group>";
		};
/* End PBXVariantGroup section */

/* Begin XCBuildConfiguration section */
		A8534DA8254379AD0039FCC7 /* Debug */ = {
			isa = XCBuildConfiguration;
			buildSettings = {
				ALWAYS_SEARCH_USER_PATHS = NO;
				CLANG_ANALYZER_NONNULL = YES;
				CLANG_ANALYZER_NUMBER_OBJECT_CONVERSION = YES_AGGRESSIVE;
				CLANG_CXX_LANGUAGE_STANDARD = "gnu++14";
				CLANG_CXX_LIBRARY = "libc++";
				CLANG_ENABLE_MODULES = YES;
				CLANG_ENABLE_OBJC_ARC = YES;
				CLANG_ENABLE_OBJC_WEAK = YES;
				CLANG_WARN_BLOCK_CAPTURE_AUTORELEASING = YES;
				CLANG_WARN_BOOL_CONVERSION = YES;
				CLANG_WARN_COMMA = YES;
				CLANG_WARN_CONSTANT_CONVERSION = YES;
				CLANG_WARN_DEPRECATED_OBJC_IMPLEMENTATIONS = YES;
				CLANG_WARN_DIRECT_OBJC_ISA_USAGE = YES_ERROR;
				CLANG_WARN_DOCUMENTATION_COMMENTS = YES;
				CLANG_WARN_EMPTY_BODY = YES;
				CLANG_WARN_ENUM_CONVERSION = YES;
				CLANG_WARN_INFINITE_RECURSION = YES;
				CLANG_WARN_INT_CONVERSION = YES;
				CLANG_WARN_NON_LITERAL_NULL_CONVERSION = YES;
				CLANG_WARN_OBJC_IMPLICIT_RETAIN_SELF = YES;
				CLANG_WARN_OBJC_LITERAL_CONVERSION = YES;
				CLANG_WARN_OBJC_ROOT_CLASS = YES_ERROR;
				CLANG_WARN_RANGE_LOOP_ANALYSIS = YES;
				CLANG_WARN_STRICT_PROTOTYPES = YES;
				CLANG_WARN_SUSPICIOUS_MOVE = YES;
				CLANG_WARN_UNGUARDED_AVAILABILITY = YES_AGGRESSIVE;
				CLANG_WARN_UNREACHABLE_CODE = YES;
				CLANG_WARN__DUPLICATE_METHOD_MATCH = YES;
				COPY_PHASE_STRIP = NO;
				DEBUG_INFORMATION_FORMAT = dwarf;
				ENABLE_STRICT_OBJC_MSGSEND = YES;
				ENABLE_TESTABILITY = YES;
				GCC_C_LANGUAGE_STANDARD = gnu11;
				GCC_DYNAMIC_NO_PIC = NO;
				GCC_NO_COMMON_BLOCKS = YES;
				GCC_OPTIMIZATION_LEVEL = 0;
				GCC_PREPROCESSOR_DEFINITIONS = (
					"DEBUG=1",
					"$(inherited)",
				);
				GCC_WARN_64_TO_32_BIT_CONVERSION = YES;
				GCC_WARN_ABOUT_RETURN_TYPE = YES_ERROR;
				GCC_WARN_UNDECLARED_SELECTOR = YES;
				GCC_WARN_UNINITIALIZED_AUTOS = YES_AGGRESSIVE;
				GCC_WARN_UNUSED_FUNCTION = YES;
				GCC_WARN_UNUSED_VARIABLE = YES;
				IPHONEOS_DEPLOYMENT_TARGET = 13.5;
				MTL_ENABLE_DEBUG_INFO = INCLUDE_SOURCE;
				MTL_FAST_MATH = YES;
				ONLY_ACTIVE_ARCH = YES;
				SDKROOT = iphoneos;
				SWIFT_ACTIVE_COMPILATION_CONDITIONS = DEBUG;
				SWIFT_OPTIMIZATION_LEVEL = "-Onone";
			};
			name = Debug;
		};
		A8534DA9254379AD0039FCC7 /* Release */ = {
			isa = XCBuildConfiguration;
			buildSettings = {
				ALWAYS_SEARCH_USER_PATHS = NO;
				CLANG_ANALYZER_NONNULL = YES;
				CLANG_ANALYZER_NUMBER_OBJECT_CONVERSION = YES_AGGRESSIVE;
				CLANG_CXX_LANGUAGE_STANDARD = "gnu++14";
				CLANG_CXX_LIBRARY = "libc++";
				CLANG_ENABLE_MODULES = YES;
				CLANG_ENABLE_OBJC_ARC = YES;
				CLANG_ENABLE_OBJC_WEAK = YES;
				CLANG_WARN_BLOCK_CAPTURE_AUTORELEASING = YES;
				CLANG_WARN_BOOL_CONVERSION = YES;
				CLANG_WARN_COMMA = YES;
				CLANG_WARN_CONSTANT_CONVERSION = YES;
				CLANG_WARN_DEPRECATED_OBJC_IMPLEMENTATIONS = YES;
				CLANG_WARN_DIRECT_OBJC_ISA_USAGE = YES_ERROR;
				CLANG_WARN_DOCUMENTATION_COMMENTS = YES;
				CLANG_WARN_EMPTY_BODY = YES;
				CLANG_WARN_ENUM_CONVERSION = YES;
				CLANG_WARN_INFINITE_RECURSION = YES;
				CLANG_WARN_INT_CONVERSION = YES;
				CLANG_WARN_NON_LITERAL_NULL_CONVERSION = YES;
				CLANG_WARN_OBJC_IMPLICIT_RETAIN_SELF = YES;
				CLANG_WARN_OBJC_LITERAL_CONVERSION = YES;
				CLANG_WARN_OBJC_ROOT_CLASS = YES_ERROR;
				CLANG_WARN_RANGE_LOOP_ANALYSIS = YES;
				CLANG_WARN_STRICT_PROTOTYPES = YES;
				CLANG_WARN_SUSPICIOUS_MOVE = YES;
				CLANG_WARN_UNGUARDED_AVAILABILITY = YES_AGGRESSIVE;
				CLANG_WARN_UNREACHABLE_CODE = YES;
				CLANG_WARN__DUPLICATE_METHOD_MATCH = YES;
				COPY_PHASE_STRIP = NO;
				DEBUG_INFORMATION_FORMAT = "dwarf-with-dsym";
				ENABLE_NS_ASSERTIONS = NO;
				ENABLE_STRICT_OBJC_MSGSEND = YES;
				GCC_C_LANGUAGE_STANDARD = gnu11;
				GCC_NO_COMMON_BLOCKS = YES;
				GCC_WARN_64_TO_32_BIT_CONVERSION = YES;
				GCC_WARN_ABOUT_RETURN_TYPE = YES_ERROR;
				GCC_WARN_UNDECLARED_SELECTOR = YES;
				GCC_WARN_UNINITIALIZED_AUTOS = YES_AGGRESSIVE;
				GCC_WARN_UNUSED_FUNCTION = YES;
				GCC_WARN_UNUSED_VARIABLE = YES;
				IPHONEOS_DEPLOYMENT_TARGET = 13.5;
				MTL_ENABLE_DEBUG_INFO = NO;
				MTL_FAST_MATH = YES;
				SDKROOT = iphoneos;
				SWIFT_COMPILATION_MODE = wholemodule;
				SWIFT_OPTIMIZATION_LEVEL = "-O";
				VALIDATE_PRODUCT = YES;
			};
			name = Release;
		};
		A8534DAB254379AD0039FCC7 /* Debug */ = {
			isa = XCBuildConfiguration;
			baseConfigurationReference = E232BA343FEB4F61525B0ABA /* Pods-Parstagram.debug.xcconfig */;
			buildSettings = {
				ASSETCATALOG_COMPILER_APPICON_NAME = AppIcon;
				CODE_SIGN_STYLE = Automatic;
				DEVELOPMENT_TEAM = JDGCC2DY4C;
				INFOPLIST_FILE = Parstagram/Info.plist;
				LD_RUNPATH_SEARCH_PATHS = (
					"$(inherited)",
					"@executable_path/Frameworks",
				);
				PRODUCT_BUNDLE_IDENTIFIER = Codepath.Parstagram;
				PRODUCT_NAME = "$(TARGET_NAME)";
				SWIFT_VERSION = 5.0;
				TARGETED_DEVICE_FAMILY = "1,2";
			};
			name = Debug;
		};
		A8534DAC254379AD0039FCC7 /* Release */ = {
			isa = XCBuildConfiguration;
			baseConfigurationReference = 81C28EB3F3D3896DEC086BF2 /* Pods-Parstagram.release.xcconfig */;
			buildSettings = {
				ASSETCATALOG_COMPILER_APPICON_NAME = AppIcon;
				CODE_SIGN_STYLE = Automatic;
				DEVELOPMENT_TEAM = JDGCC2DY4C;
				INFOPLIST_FILE = Parstagram/Info.plist;
				LD_RUNPATH_SEARCH_PATHS = (
					"$(inherited)",
					"@executable_path/Frameworks",
				);
				PRODUCT_BUNDLE_IDENTIFIER = Codepath.Parstagram;
				PRODUCT_NAME = "$(TARGET_NAME)";
				SWIFT_VERSION = 5.0;
				TARGETED_DEVICE_FAMILY = "1,2";
			};
			name = Release;
		};
		A8534DAE254379AD0039FCC7 /* Debug */ = {
			isa = XCBuildConfiguration;
			baseConfigurationReference = 970B61EF829DC9BACF0E39A8 /* Pods-ParstagramTests.debug.xcconfig */;
			buildSettings = {
				ALWAYS_EMBED_SWIFT_STANDARD_LIBRARIES = YES;
				BUNDLE_LOADER = "$(TEST_HOST)";
				CODE_SIGN_STYLE = Automatic;
				DEVELOPMENT_TEAM = JDGCC2DY4C;
				INFOPLIST_FILE = ParstagramTests/Info.plist;
				IPHONEOS_DEPLOYMENT_TARGET = 13.5;
				LD_RUNPATH_SEARCH_PATHS = (
					"$(inherited)",
					"@executable_path/Frameworks",
					"@loader_path/Frameworks",
				);
				PRODUCT_BUNDLE_IDENTIFIER = Codepath.ParstagramTests;
				PRODUCT_NAME = "$(TARGET_NAME)";
				SWIFT_VERSION = 5.0;
				TARGETED_DEVICE_FAMILY = "1,2";
				TEST_HOST = "$(BUILT_PRODUCTS_DIR)/Parstagram.app/Parstagram";
			};
			name = Debug;
		};
		A8534DAF254379AD0039FCC7 /* Release */ = {
			isa = XCBuildConfiguration;
			baseConfigurationReference = B7E931CB617E093B3A248812 /* Pods-ParstagramTests.release.xcconfig */;
			buildSettings = {
				ALWAYS_EMBED_SWIFT_STANDARD_LIBRARIES = YES;
				BUNDLE_LOADER = "$(TEST_HOST)";
				CODE_SIGN_STYLE = Automatic;
				DEVELOPMENT_TEAM = JDGCC2DY4C;
				INFOPLIST_FILE = ParstagramTests/Info.plist;
				IPHONEOS_DEPLOYMENT_TARGET = 13.5;
				LD_RUNPATH_SEARCH_PATHS = (
					"$(inherited)",
					"@executable_path/Frameworks",
					"@loader_path/Frameworks",
				);
				PRODUCT_BUNDLE_IDENTIFIER = Codepath.ParstagramTests;
				PRODUCT_NAME = "$(TARGET_NAME)";
				SWIFT_VERSION = 5.0;
				TARGETED_DEVICE_FAMILY = "1,2";
				TEST_HOST = "$(BUILT_PRODUCTS_DIR)/Parstagram.app/Parstagram";
			};
			name = Release;
		};
		A8534DB1254379AD0039FCC7 /* Debug */ = {
			isa = XCBuildConfiguration;
			baseConfigurationReference = F84DEAC69912E22211122A74 /* Pods-Parstagram-ParstagramUITests.debug.xcconfig */;
			buildSettings = {
				ALWAYS_EMBED_SWIFT_STANDARD_LIBRARIES = YES;
				CODE_SIGN_STYLE = Automatic;
				DEVELOPMENT_TEAM = JDGCC2DY4C;
				INFOPLIST_FILE = ParstagramUITests/Info.plist;
				LD_RUNPATH_SEARCH_PATHS = (
					"$(inherited)",
					"@executable_path/Frameworks",
					"@loader_path/Frameworks",
				);
				PRODUCT_BUNDLE_IDENTIFIER = Codepath.ParstagramUITests;
				PRODUCT_NAME = "$(TARGET_NAME)";
				SWIFT_VERSION = 5.0;
				TARGETED_DEVICE_FAMILY = "1,2";
				TEST_TARGET_NAME = Parstagram;
			};
			name = Debug;
		};
		A8534DB2254379AD0039FCC7 /* Release */ = {
			isa = XCBuildConfiguration;
			baseConfigurationReference = FEA667D8152F3D00CF3C4DBE /* Pods-Parstagram-ParstagramUITests.release.xcconfig */;
			buildSettings = {
				ALWAYS_EMBED_SWIFT_STANDARD_LIBRARIES = YES;
				CODE_SIGN_STYLE = Automatic;
				DEVELOPMENT_TEAM = JDGCC2DY4C;
				INFOPLIST_FILE = ParstagramUITests/Info.plist;
				LD_RUNPATH_SEARCH_PATHS = (
					"$(inherited)",
					"@executable_path/Frameworks",
					"@loader_path/Frameworks",
				);
				PRODUCT_BUNDLE_IDENTIFIER = Codepath.ParstagramUITests;
				PRODUCT_NAME = "$(TARGET_NAME)";
				SWIFT_VERSION = 5.0;
				TARGETED_DEVICE_FAMILY = "1,2";
				TEST_TARGET_NAME = Parstagram;
			};
			name = Release;
		};
/* End XCBuildConfiguration section */

/* Begin XCConfigurationList section */
		A8534D7B254379AB0039FCC7 /* Build configuration list for PBXProject "Parstagram" */ = {
			isa = XCConfigurationList;
			buildConfigurations = (
				A8534DA8254379AD0039FCC7 /* Debug */,
				A8534DA9254379AD0039FCC7 /* Release */,
			);
			defaultConfigurationIsVisible = 0;
			defaultConfigurationName = Release;
		};
		A8534DAA254379AD0039FCC7 /* Build configuration list for PBXNativeTarget "Parstagram" */ = {
			isa = XCConfigurationList;
			buildConfigurations = (
				A8534DAB254379AD0039FCC7 /* Debug */,
				A8534DAC254379AD0039FCC7 /* Release */,
			);
			defaultConfigurationIsVisible = 0;
			defaultConfigurationName = Release;
		};
		A8534DAD254379AD0039FCC7 /* Build configuration list for PBXNativeTarget "ParstagramTests" */ = {
			isa = XCConfigurationList;
			buildConfigurations = (
				A8534DAE254379AD0039FCC7 /* Debug */,
				A8534DAF254379AD0039FCC7 /* Release */,
			);
			defaultConfigurationIsVisible = 0;
			defaultConfigurationName = Release;
		};
		A8534DB0254379AD0039FCC7 /* Build configuration list for PBXNativeTarget "ParstagramUITests" */ = {
			isa = XCConfigurationList;
			buildConfigurations = (
				A8534DB1254379AD0039FCC7 /* Debug */,
				A8534DB2254379AD0039FCC7 /* Release */,
			);
			defaultConfigurationIsVisible = 0;
			defaultConfigurationName = Release;
		};
/* End XCConfigurationList section */
	};
	rootObject = A8534D78254379AB0039FCC7 /* Project object */;
}
